// !$*UTF8*$!
{
	archiveVersion = 1;
	classes = {
	};
	objectVersion = 50;
	objects = {

/* Begin PBXBuildFile section */
		F0109A7826AEDB2F003C349B /* SignUpViewController.swift in Sources */ = {isa = PBXBuildFile; fileRef = F0109A7726AEDB2F003C349B /* SignUpViewController.swift */; };
		F0109A7C26AEDCDB003C349B /* EmailAuthenticationViewController.swift in Sources */ = {isa = PBXBuildFile; fileRef = F0109A7B26AEDCDB003C349B /* EmailAuthenticationViewController.swift */; };
		F019EDA526AC696D00A5003C /* AppDelegate.swift in Sources */ = {isa = PBXBuildFile; fileRef = F019EDA426AC696D00A5003C /* AppDelegate.swift */; };
		F019EDA726AC696D00A5003C /* SceneDelegate.swift in Sources */ = {isa = PBXBuildFile; fileRef = F019EDA626AC696D00A5003C /* SceneDelegate.swift */; };
		F019EDA926AC696D00A5003C /* LoginViewController.swift in Sources */ = {isa = PBXBuildFile; fileRef = F019EDA826AC696D00A5003C /* LoginViewController.swift */; };
		F019EDAC26AC696D00A5003C /* Main.storyboard in Resources */ = {isa = PBXBuildFile; fileRef = F019EDAA26AC696D00A5003C /* Main.storyboard */; };
		F019EDAE26AC696F00A5003C /* Assets.xcassets in Resources */ = {isa = PBXBuildFile; fileRef = F019EDAD26AC696F00A5003C /* Assets.xcassets */; };
		F019EDB126AC696F00A5003C /* LaunchScreen.storyboard in Resources */ = {isa = PBXBuildFile; fileRef = F019EDAF26AC696F00A5003C /* LaunchScreen.storyboard */; };
		F0BA398926B5920F00C3A3C3 /* LaunchScreen.png in Resources */ = {isa = PBXBuildFile; fileRef = F0BA398826B5920F00C3A3C3 /* LaunchScreen.png */; };
/* End PBXBuildFile section */

/* Begin PBXFileReference section */
		F0109A7726AEDB2F003C349B /* SignUpViewController.swift */ = {isa = PBXFileReference; lastKnownFileType = sourcecode.swift; path = SignUpViewController.swift; sourceTree = "<group>"; };
		F0109A7B26AEDCDB003C349B /* EmailAuthenticationViewController.swift */ = {isa = PBXFileReference; lastKnownFileType = sourcecode.swift; path = EmailAuthenticationViewController.swift; sourceTree = "<group>"; };
		F019EDA126AC696D00A5003C /* universe.app */ = {isa = PBXFileReference; explicitFileType = wrapper.application; includeInIndex = 0; path = universe.app; sourceTree = BUILT_PRODUCTS_DIR; };
		F019EDA426AC696D00A5003C /* AppDelegate.swift */ = {isa = PBXFileReference; lastKnownFileType = sourcecode.swift; path = AppDelegate.swift; sourceTree = "<group>"; };
		F019EDA626AC696D00A5003C /* SceneDelegate.swift */ = {isa = PBXFileReference; lastKnownFileType = sourcecode.swift; path = SceneDelegate.swift; sourceTree = "<group>"; };
		F019EDA826AC696D00A5003C /* LoginViewController.swift */ = {isa = PBXFileReference; lastKnownFileType = sourcecode.swift; path = LoginViewController.swift; sourceTree = "<group>"; };
		F019EDAB26AC696D00A5003C /* Base */ = {isa = PBXFileReference; lastKnownFileType = file.storyboard; name = Base; path = Base.lproj/Main.storyboard; sourceTree = "<group>"; };
		F019EDAD26AC696F00A5003C /* Assets.xcassets */ = {isa = PBXFileReference; lastKnownFileType = folder.assetcatalog; path = Assets.xcassets; sourceTree = "<group>"; };
		F019EDB026AC696F00A5003C /* Base */ = {isa = PBXFileReference; lastKnownFileType = file.storyboard; name = Base; path = Base.lproj/LaunchScreen.storyboard; sourceTree = "<group>"; };
		F019EDB226AC696F00A5003C /* Info.plist */ = {isa = PBXFileReference; lastKnownFileType = text.plist.xml; path = Info.plist; sourceTree = "<group>"; };
		F0BA398826B5920F00C3A3C3 /* LaunchScreen.png */ = {isa = PBXFileReference; lastKnownFileType = image.png; name = LaunchScreen.png; path = ../../LaunchScreen.png; sourceTree = "<group>"; };
/* End PBXFileReference section */

/* Begin PBXFrameworksBuildPhase section */
		F019ED9E26AC696D00A5003C /* Frameworks */ = {
			isa = PBXFrameworksBuildPhase;
			buildActionMask = 2147483647;
			files = (
			);
			runOnlyForDeploymentPostprocessing = 0;
		};
/* End PBXFrameworksBuildPhase section */

/* Begin PBXGroup section */
		F019ED9826AC696D00A5003C = {
			isa = PBXGroup;
			children = (
				F019EDA326AC696D00A5003C /* universe */,
				F019EDA226AC696D00A5003C /* Products */,
			);
			sourceTree = "<group>";
		};
		F019EDA226AC696D00A5003C /* Products */ = {
			isa = PBXGroup;
			children = (
				F019EDA126AC696D00A5003C /* universe.app */,
			);
			name = Products;
			sourceTree = "<group>";
		};
		F019EDA326AC696D00A5003C /* universe */ = {
			isa = PBXGroup;
			children = (
				F0BA398826B5920F00C3A3C3 /* LaunchScreen.png */,
				F0BA398726B58AD500C3A3C3 /* ViewController */,
				F019EDA426AC696D00A5003C /* AppDelegate.swift */,
				F019EDA626AC696D00A5003C /* SceneDelegate.swift */,
				F019EDAA26AC696D00A5003C /* Main.storyboard */,
				F019EDAD26AC696F00A5003C /* Assets.xcassets */,
				F019EDAF26AC696F00A5003C /* LaunchScreen.storyboard */,
				F019EDB226AC696F00A5003C /* Info.plist */,
			);
			path = universe;
			sourceTree = "<group>";
		};
		F0BA398726B58AD500C3A3C3 /* ViewController */ = {
			isa = PBXGroup;
			children = (
				F019EDA826AC696D00A5003C /* LoginViewController.swift */,
				F0109A7726AEDB2F003C349B /* SignUpViewController.swift */,
				F0109A7B26AEDCDB003C349B /* EmailAuthenticationViewController.swift */,
			);
			path = ViewController;
			sourceTree = "<group>";
		};
/* End PBXGroup section */

/* Begin PBXNativeTarget section */
		F019EDA026AC696D00A5003C /* universe */ = {
			isa = PBXNativeTarget;
			buildConfigurationList = F019EDB526AC696F00A5003C /* Build configuration list for PBXNativeTarget "universe" */;
			buildPhases = (
				F019ED9D26AC696D00A5003C /* Sources */,
				F019ED9E26AC696D00A5003C /* Frameworks */,
				F019ED9F26AC696D00A5003C /* Resources */,
			);
			buildRules = (
			);
			dependencies = (
			);
			name = universe;
			productName = universe;
			productReference = F019EDA126AC696D00A5003C /* universe.app */;
			productType = "com.apple.product-type.application";
		};
/* End PBXNativeTarget section */

/* Begin PBXProject section */
		F019ED9926AC696D00A5003C /* Project object */ = {
			isa = PBXProject;
			attributes = {
				LastSwiftUpdateCheck = 1250;
				LastUpgradeCheck = 1250;
				TargetAttributes = {
					F019EDA026AC696D00A5003C = {
						CreatedOnToolsVersion = 12.5.1;
					};
				};
			};
			buildConfigurationList = F019ED9C26AC696D00A5003C /* Build configuration list for PBXProject "universe" */;
			compatibilityVersion = "Xcode 9.3";
			developmentRegion = en;
			hasScannedForEncodings = 0;
			knownRegions = (
				en,
				Base,
			);
			mainGroup = F019ED9826AC696D00A5003C;
			productRefGroup = F019EDA226AC696D00A5003C /* Products */;
			projectDirPath = "";
			projectRoot = "";
			targets = (
				F019EDA026AC696D00A5003C /* universe */,
			);
		};
/* End PBXProject section */

/* Begin PBXResourcesBuildPhase section */
		F019ED9F26AC696D00A5003C /* Resources */ = {
			isa = PBXResourcesBuildPhase;
			buildActionMask = 2147483647;
			files = (
				F019EDB126AC696F00A5003C /* LaunchScreen.storyboard in Resources */,
				F019EDAE26AC696F00A5003C /* Assets.xcassets in Resources */,
				F0BA398926B5920F00C3A3C3 /* LaunchScreen.png in Resources */,
				F019EDAC26AC696D00A5003C /* Main.storyboard in Resources */,
			);
			runOnlyForDeploymentPostprocessing = 0;
		};
/* End PBXResourcesBuildPhase section */

/* Begin PBXSourcesBuildPhase section */
		F019ED9D26AC696D00A5003C /* Sources */ = {
			isa = PBXSourcesBuildPhase;
			buildActionMask = 2147483647;
			files = (
				F019EDA926AC696D00A5003C /* LoginViewController.swift in Sources */,
				F019EDA526AC696D00A5003C /* AppDelegate.swift in Sources */,
				F0109A7C26AEDCDB003C349B /* EmailAuthenticationViewController.swift in Sources */,
				F0109A7826AEDB2F003C349B /* SignUpViewController.swift in Sources */,
				F019EDA726AC696D00A5003C /* SceneDelegate.swift in Sources */,
			);
			runOnlyForDeploymentPostprocessing = 0;
		};
/* End PBXSourcesBuildPhase section */

/* Begin PBXVariantGroup section */
		F019EDAA26AC696D00A5003C /* Main.storyboard */ = {
			isa = PBXVariantGroup;
			children = (
				F019EDAB26AC696D00A5003C /* Base */,
			);
			name = Main.storyboard;
			sourceTree = "<group>";
		};
		F019EDAF26AC696F00A5003C /* LaunchScreen.storyboard */ = {
			isa = PBXVariantGroup;
			children = (
				F019EDB026AC696F00A5003C /* Base */,
			);
			name = LaunchScreen.storyboard;
			sourceTree = "<group>";
		};
/* End PBXVariantGroup section */

/* Begin XCBuildConfiguration section */
		F019EDB326AC696F00A5003C /* Debug */ = {
			isa = XCBuildConfiguration;
			buildSettings = {
				ALWAYS_SEARCH_USER_PATHS = NO;
				CLANG_ANALYZER_NONNULL = YES;
				CLANG_ANALYZER_NUMBER_OBJECT_CONVERSION = YES_AGGRESSIVE;
				CLANG_CXX_LANGUAGE_STANDARD = "gnu++14";
				CLANG_CXX_LIBRARY = "libc++";
				CLANG_ENABLE_MODULES = YES;
				CLANG_ENABLE_OBJC_ARC = YES;
				CLANG_ENABLE_OBJC_WEAK = YES;
				CLANG_WARN_BLOCK_CAPTURE_AUTORELEASING = YES;
				CLANG_WARN_BOOL_CONVERSION = YES;
				CLANG_WARN_COMMA = YES;
				CLANG_WARN_CONSTANT_CONVERSION = YES;
				CLANG_WARN_DEPRECATED_OBJC_IMPLEMENTATIONS = YES;
				CLANG_WARN_DIRECT_OBJC_ISA_USAGE = YES_ERROR;
				CLANG_WARN_DOCUMENTATION_COMMENTS = YES;
				CLANG_WARN_EMPTY_BODY = YES;
				CLANG_WARN_ENUM_CONVERSION = YES;
				CLANG_WARN_INFINITE_RECURSION = YES;
				CLANG_WARN_INT_CONVERSION = YES;
				CLANG_WARN_NON_LITERAL_NULL_CONVERSION = YES;
				CLANG_WARN_OBJC_IMPLICIT_RETAIN_SELF = YES;
				CLANG_WARN_OBJC_LITERAL_CONVERSION = YES;
				CLANG_WARN_OBJC_ROOT_CLASS = YES_ERROR;
				CLANG_WARN_QUOTED_INCLUDE_IN_FRAMEWORK_HEADER = YES;
				CLANG_WARN_RANGE_LOOP_ANALYSIS = YES;
				CLANG_WARN_STRICT_PROTOTYPES = YES;
				CLANG_WARN_SUSPICIOUS_MOVE = YES;
				CLANG_WARN_UNGUARDED_AVAILABILITY = YES_AGGRESSIVE;
				CLANG_WARN_UNREACHABLE_CODE = YES;
				CLANG_WARN__DUPLICATE_METHOD_MATCH = YES;
				COPY_PHASE_STRIP = NO;
				DEBUG_INFORMATION_FORMAT = dwarf;
				ENABLE_STRICT_OBJC_MSGSEND = YES;
				ENABLE_TESTABILITY = YES;
				GCC_C_LANGUAGE_STANDARD = gnu11;
				GCC_DYNAMIC_NO_PIC = NO;
				GCC_NO_COMMON_BLOCKS = YES;
				GCC_OPTIMIZATION_LEVEL = 0;
				GCC_PREPROCESSOR_DEFINITIONS = (
					"DEBUG=1",
					"$(inherited)",
				);
				GCC_WARN_64_TO_32_BIT_CONVERSION = YES;
				GCC_WARN_ABOUT_RETURN_TYPE = YES_ERROR;
				GCC_WARN_UNDECLARED_SELECTOR = YES;
				GCC_WARN_UNINITIALIZED_AUTOS = YES_AGGRESSIVE;
				GCC_WARN_UNUSED_FUNCTION = YES;
				GCC_WARN_UNUSED_VARIABLE = YES;
				IPHONEOS_DEPLOYMENT_TARGET = 14.5;
				MTL_ENABLE_DEBUG_INFO = INCLUDE_SOURCE;
				MTL_FAST_MATH = YES;
				ONLY_ACTIVE_ARCH = YES;
				SDKROOT = iphoneos;
				SWIFT_ACTIVE_COMPILATION_CONDITIONS = DEBUG;
				SWIFT_OPTIMIZATION_LEVEL = "-Onone";
			};
			name = Debug;
		};
		F019EDB426AC696F00A5003C /* Release */ = {
			isa = XCBuildConfiguration;
			buildSettings = {
				ALWAYS_SEARCH_USER_PATHS = NO;
				CLANG_ANALYZER_NONNULL = YES;
				CLANG_ANALYZER_NUMBER_OBJECT_CONVERSION = YES_AGGRESSIVE;
				CLANG_CXX_LANGUAGE_STANDARD = "gnu++14";
				CLANG_CXX_LIBRARY = "libc++";
				CLANG_ENABLE_MODULES = YES;
				CLANG_ENABLE_OBJC_ARC = YES;
				CLANG_ENABLE_OBJC_WEAK = YES;
				CLANG_WARN_BLOCK_CAPTURE_AUTORELEASING = YES;
				CLANG_WARN_BOOL_CONVERSION = YES;
				CLANG_WARN_COMMA = YES;
				CLANG_WARN_CONSTANT_CONVERSION = YES;
				CLANG_WARN_DEPRECATED_OBJC_IMPLEMENTATIONS = YES;
				CLANG_WARN_DIRECT_OBJC_ISA_USAGE = YES_ERROR;
				CLANG_WARN_DOCUMENTATION_COMMENTS = YES;
				CLANG_WARN_EMPTY_BODY = YES;
				CLANG_WARN_ENUM_CONVERSION = YES;
				CLANG_WARN_INFINITE_RECURSION = YES;
				CLANG_WARN_INT_CONVERSION = YES;
				CLANG_WARN_NON_LITERAL_NULL_CONVERSION = YES;
				CLANG_WARN_OBJC_IMPLICIT_RETAIN_SELF = YES;
				CLANG_WARN_OBJC_LITERAL_CONVERSION = YES;
				CLANG_WARN_OBJC_ROOT_CLASS = YES_ERROR;
				CLANG_WARN_QUOTED_INCLUDE_IN_FRAMEWORK_HEADER = YES;
				CLANG_WARN_RANGE_LOOP_ANALYSIS = YES;
				CLANG_WARN_STRICT_PROTOTYPES = YES;
				CLANG_WARN_SUSPICIOUS_MOVE = YES;
				CLANG_WARN_UNGUARDED_AVAILABILITY = YES_AGGRESSIVE;
				CLANG_WARN_UNREACHABLE_CODE = YES;
				CLANG_WARN__DUPLICATE_METHOD_MATCH = YES;
				COPY_PHASE_STRIP = NO;
				DEBUG_INFORMATION_FORMAT = "dwarf-with-dsym";
				ENABLE_NS_ASSERTIONS = NO;
				ENABLE_STRICT_OBJC_MSGSEND = YES;
				GCC_C_LANGUAGE_STANDARD = gnu11;
				GCC_NO_COMMON_BLOCKS = YES;
				GCC_WARN_64_TO_32_BIT_CONVERSION = YES;
				GCC_WARN_ABOUT_RETURN_TYPE = YES_ERROR;
				GCC_WARN_UNDECLARED_SELECTOR = YES;
				GCC_WARN_UNINITIALIZED_AUTOS = YES_AGGRESSIVE;
				GCC_WARN_UNUSED_FUNCTION = YES;
				GCC_WARN_UNUSED_VARIABLE = YES;
				IPHONEOS_DEPLOYMENT_TARGET = 14.5;
				MTL_ENABLE_DEBUG_INFO = NO;
				MTL_FAST_MATH = YES;
				SDKROOT = iphoneos;
				SWIFT_COMPILATION_MODE = wholemodule;
				SWIFT_OPTIMIZATION_LEVEL = "-O";
				VALIDATE_PRODUCT = YES;
			};
			name = Release;
		};
		F019EDB626AC696F00A5003C /* Debug */ = {
			isa = XCBuildConfiguration;
			buildSettings = {
				ASSETCATALOG_COMPILER_APPICON_NAME = AppIcon;
				ASSETCATALOG_COMPILER_GLOBAL_ACCENT_COLOR_NAME = AccentColor;
				CODE_SIGN_STYLE = Automatic;
				INFOPLIST_FILE = universe/Info.plist;
				LD_RUNPATH_SEARCH_PATHS = (
					"$(inherited)",
					"@executable_path/Frameworks",
				);
				PRODUCT_BUNDLE_IDENTIFIER = org.inu.universe;
				PRODUCT_NAME = "$(TARGET_NAME)";
				SWIFT_VERSION = 5.0;
				TARGETED_DEVICE_FAMILY = "1,2";
			};
			name = Debug;
		};
		F019EDB726AC696F00A5003C /* Release */ = {
			isa = XCBuildConfiguration;
			buildSettings = {
				ASSETCATALOG_COMPILER_APPICON_NAME = AppIcon;
				ASSETCATALOG_COMPILER_GLOBAL_ACCENT_COLOR_NAME = AccentColor;
				CODE_SIGN_STYLE = Automatic;
				INFOPLIST_FILE = universe/Info.plist;
				LD_RUNPATH_SEARCH_PATHS = (
					"$(inherited)",
					"@executable_path/Frameworks",
				);
				PRODUCT_BUNDLE_IDENTIFIER = org.inu.universe;
				PRODUCT_NAME = "$(TARGET_NAME)";
				SWIFT_VERSION = 5.0;
				TARGETED_DEVICE_FAMILY = "1,2";
			};
			name = Release;
		};
/* End XCBuildConfiguration section */

/* Begin XCConfigurationList section */
		F019ED9C26AC696D00A5003C /* Build configuration list for PBXProject "universe" */ = {
			isa = XCConfigurationList;
			buildConfigurations = (
				F019EDB326AC696F00A5003C /* Debug */,
				F019EDB426AC696F00A5003C /* Release */,
			);
			defaultConfigurationIsVisible = 0;
			defaultConfigurationName = Release;
		};
		F019EDB526AC696F00A5003C /* Build configuration list for PBXNativeTarget "universe" */ = {
			isa = XCConfigurationList;
			buildConfigurations = (
				F019EDB626AC696F00A5003C /* Debug */,
				F019EDB726AC696F00A5003C /* Release */,
			);
			defaultConfigurationIsVisible = 0;
			defaultConfigurationName = Release;
		};
/* End XCConfigurationList section */
	};
	rootObject = F019ED9926AC696D00A5003C /* Project object */;
}
